
Microsoft Visual Studio Solution File, Format Version 12.00
# Visual Studio 15
VisualStudioVersion = 15.0.26124.0
MinimumVisualStudioVersion = 15.0.26124.0
Project("{2150E333-8FDC-42A3-9474-1A3956D46DE8}") = "src", "src", "{9C76A912-C5C2-4296-B003-F3EFA7A009EF}"
EndProject
Project("{FAE04EC0-301F-11D3-BF4B-00C04F79EFBC}") = "domain", "src\domain\domain.csproj", "{FD6941AB-1C9F-4752-BB02-E64071A7983F}"
EndProject
Project("{FAE04EC0-301F-11D3-BF4B-00C04F79EFBC}") = "infrastructure", "src\infrastructure\infrastructure.csproj", "{88210A40-9D92-471B-A7C2-0137D91B110B}"
EndProject
Project("{FAE04EC0-301F-11D3-BF4B-00C04F79EFBC}") = "application", "src\application\application.csproj", "{763F7F49-61FF-4725-8964-1D8E76B8AC99}"
EndProject
Project("{FAE04EC0-301F-11D3-BF4B-00C04F79EFBC}") = "Yoyo.Core", "src\Yoyo.Core\Yoyo.Core.csproj", "{EE2E29F1-96A1-4074-8691-6C8C0EEC1E7F}"
EndProject
Project("{FAE04EC0-301F-11D3-BF4B-00C04F79EFBC}") = "lfexapi", "src\lfexApi\lfexapi.csproj", "{76670C6F-D67A-47F6-A262-B1794558AB88}"
EndProject
Project("{FAE04EC0-301F-11D3-BF4B-00C04F79EFBC}") = "lfexWeb", "src\lfexWeb\lfexWeb.csproj", "{EA0FC3BB-630D-4478-ADD6-BC5059BA345C}"
EndProject
Project("{FAE04EC0-301F-11D3-BF4B-00C04F79EFBC}") = "test", "src\test\test.csproj", "{6FB23D8C-430F-47C3-89F3-7E08D8FFE23F}"
EndProject
Global
	GlobalSection(SolutionConfigurationPlatforms) = preSolution
		Debug|Any CPU = Debug|Any CPU
		Debug|x64 = Debug|x64
		Debug|x86 = Debug|x86
		Release|Any CPU = Release|Any CPU
		Release|x64 = Release|x64
		Release|x86 = Release|x86
	EndGlobalSection
	GlobalSection(SolutionProperties) = preSolution
		HideSolutionNode = FALSE
	EndGlobalSection
	GlobalSection(ProjectConfigurationPlatforms) = postSolution
		{FD6941AB-1C9F-4752-BB02-E64071A7983F}.Debug|Any CPU.ActiveCfg = Debug|Any CPU
		{FD6941AB-1C9F-4752-BB02-E64071A7983F}.Debug|Any CPU.Build.0 = Debug|Any CPU
		{FD6941AB-1C9F-4752-BB02-E64071A7983F}.Debug|x64.ActiveCfg = Debug|Any CPU
		{FD6941AB-1C9F-4752-BB02-E64071A7983F}.Debug|x64.Build.0 = Debug|Any CPU
		{FD6941AB-1C9F-4752-BB02-E64071A7983F}.Debug|x86.ActiveCfg = Debug|Any CPU
		{FD6941AB-1C9F-4752-BB02-E64071A7983F}.Debug|x86.Build.0 = Debug|Any CPU
		{FD6941AB-1C9F-4752-BB02-E64071A7983F}.Release|Any CPU.ActiveCfg = Release|Any CPU
		{FD6941AB-1C9F-4752-BB02-E64071A7983F}.Release|Any CPU.Build.0 = Release|Any CPU
		{FD6941AB-1C9F-4752-BB02-E64071A7983F}.Release|x64.ActiveCfg = Release|Any CPU
		{FD6941AB-1C9F-4752-BB02-E64071A7983F}.Release|x64.Build.0 = Release|Any CPU
		{FD6941AB-1C9F-4752-BB02-E64071A7983F}.Release|x86.ActiveCfg = Release|Any CPU
		{FD6941AB-1C9F-4752-BB02-E64071A7983F}.Release|x86.Build.0 = Release|Any CPU
		{88210A40-9D92-471B-A7C2-0137D91B110B}.Debug|Any CPU.ActiveCfg = Debug|Any CPU
		{88210A40-9D92-471B-A7C2-0137D91B110B}.Debug|Any CPU.Build.0 = Debug|Any CPU
		{88210A40-9D92-471B-A7C2-0137D91B110B}.Debug|x64.ActiveCfg = Debug|Any CPU
		{88210A40-9D92-471B-A7C2-0137D91B110B}.Debug|x64.Build.0 = Debug|Any CPU
		{88210A40-9D92-471B-A7C2-0137D91B110B}.Debug|x86.ActiveCfg = Debug|Any CPU
		{88210A40-9D92-471B-A7C2-0137D91B110B}.Debug|x86.Build.0 = Debug|Any CPU
		{88210A40-9D92-471B-A7C2-0137D91B110B}.Release|Any CPU.ActiveCfg = Release|Any CPU
		{88210A40-9D92-471B-A7C2-0137D91B110B}.Release|Any CPU.Build.0 = Release|Any CPU
		{88210A40-9D92-471B-A7C2-0137D91B110B}.Release|x64.ActiveCfg = Release|Any CPU
		{88210A40-9D92-471B-A7C2-0137D91B110B}.Release|x64.Build.0 = Release|Any CPU
		{88210A40-9D92-471B-A7C2-0137D91B110B}.Release|x86.ActiveCfg = Release|Any CPU
		{88210A40-9D92-471B-A7C2-0137D91B110B}.Release|x86.Build.0 = Release|Any CPU
		{763F7F49-61FF-4725-8964-1D8E76B8AC99}.Debug|Any CPU.ActiveCfg = Debug|Any CPU
		{763F7F49-61FF-4725-8964-1D8E76B8AC99}.Debug|Any CPU.Build.0 = Debug|Any CPU
		{763F7F49-61FF-4725-8964-1D8E76B8AC99}.Debug|x64.ActiveCfg = Debug|Any CPU
		{763F7F49-61FF-4725-8964-1D8E76B8AC99}.Debug|x64.Build.0 = Debug|Any CPU
		{763F7F49-61FF-4725-8964-1D8E76B8AC99}.Debug|x86.ActiveCfg = Debug|Any CPU
		{763F7F49-61FF-4725-8964-1D8E76B8AC99}.Debug|x86.Build.0 = Debug|Any CPU
		{763F7F49-61FF-4725-8964-1D8E76B8AC99}.Release|Any CPU.ActiveCfg = Release|Any CPU
		{763F7F49-61FF-4725-8964-1D8E76B8AC99}.Release|Any CPU.Build.0 = Release|Any CPU
		{763F7F49-61FF-4725-8964-1D8E76B8AC99}.Release|x64.ActiveCfg = Release|Any CPU
		{763F7F49-61FF-4725-8964-1D8E76B8AC99}.Release|x64.Build.0 = Release|Any CPU
		{763F7F49-61FF-4725-8964-1D8E76B8AC99}.Release|x86.ActiveCfg = Release|Any CPU
		{763F7F49-61FF-4725-8964-1D8E76B8AC99}.Release|x86.Build.0 = Release|Any CPU
		{EE2E29F1-96A1-4074-8691-6C8C0EEC1E7F}.Debug|Any CPU.ActiveCfg = Debug|Any CPU
		{EE2E29F1-96A1-4074-8691-6C8C0EEC1E7F}.Debug|Any CPU.Build.0 = Debug|Any CPU
		{EE2E29F1-96A1-4074-8691-6C8C0EEC1E7F}.Debug|x64.ActiveCfg = Debug|Any CPU
		{EE2E29F1-96A1-4074-8691-6C8C0EEC1E7F}.Debug|x64.Build.0 = Debug|Any CPU
		{EE2E29F1-96A1-4074-8691-6C8C0EEC1E7F}.Debug|x86.ActiveCfg = Debug|Any CPU
		{EE2E29F1-96A1-4074-8691-6C8C0EEC1E7F}.Debug|x86.Build.0 = Debug|Any CPU
		{EE2E29F1-96A1-4074-8691-6C8C0EEC1E7F}.Release|Any CPU.ActiveCfg = Release|Any CPU
		{EE2E29F1-96A1-4074-8691-6C8C0EEC1E7F}.Release|Any CPU.Build.0 = Release|Any CPU
		{EE2E29F1-96A1-4074-8691-6C8C0EEC1E7F}.Release|x64.ActiveCfg = Release|Any CPU
		{EE2E29F1-96A1-4074-8691-6C8C0EEC1E7F}.Release|x64.Build.0 = Release|Any CPU
		{EE2E29F1-96A1-4074-8691-6C8C0EEC1E7F}.Release|x86.ActiveCfg = Release|Any CPU
		{EE2E29F1-96A1-4074-8691-6C8C0EEC1E7F}.Release|x86.Build.0 = Release|Any CPU
		{76670C6F-D67A-47F6-A262-B1794558AB88}.Debug|Any CPU.ActiveCfg = Debug|Any CPU
		{76670C6F-D67A-47F6-A262-B1794558AB88}.Debug|Any CPU.Build.0 = Debug|Any CPU
		{76670C6F-D67A-47F6-A262-B1794558AB88}.Debug|x64.ActiveCfg = Debug|Any CPU
		{76670C6F-D67A-47F6-A262-B1794558AB88}.Debug|x64.Build.0 = Debug|Any CPU
		{76670C6F-D67A-47F6-A262-B1794558AB88}.Debug|x86.ActiveCfg = Debug|Any CPU
		{76670C6F-D67A-47F6-A262-B1794558AB88}.Debug|x86.Build.0 = Debug|Any CPU
		{76670C6F-D67A-47F6-A262-B1794558AB88}.Release|Any CPU.ActiveCfg = Release|Any CPU
		{76670C6F-D67A-47F6-A262-B1794558AB88}.Release|Any CPU.Build.0 = Release|Any CPU
		{76670C6F-D67A-47F6-A262-B1794558AB88}.Release|x64.ActiveCfg = Release|Any CPU
		{76670C6F-D67A-47F6-A262-B1794558AB88}.Release|x64.Build.0 = Release|Any CPU
		{76670C6F-D67A-47F6-A262-B1794558AB88}.Release|x86.ActiveCfg = Release|Any CPU
		{76670C6F-D67A-47F6-A262-B1794558AB88}.Release|x86.Build.0 = Release|Any CPU
		{EA0FC3BB-630D-4478-ADD6-BC5059BA345C}.Debug|Any CPU.ActiveCfg = Debug|Any CPU
		{EA0FC3BB-630D-4478-ADD6-BC5059BA345C}.Debug|Any CPU.Build.0 = Debug|Any CPU
		{EA0FC3BB-630D-4478-ADD6-BC5059BA345C}.Debug|x64.ActiveCfg = Debug|Any CPU
		{EA0FC3BB-630D-4478-ADD6-BC5059BA345C}.Debug|x64.Build.0 = Debug|Any CPU
		{EA0FC3BB-630D-4478-ADD6-BC5059BA345C}.Debug|x86.ActiveCfg = Debug|Any CPU
		{EA0FC3BB-630D-4478-ADD6-BC5059BA345C}.Debug|x86.Build.0 = Debug|Any CPU
		{EA0FC3BB-630D-4478-ADD6-BC5059BA345C}.Release|Any CPU.ActiveCfg = Release|Any CPU
		{EA0FC3BB-630D-4478-ADD6-BC5059BA345C}.Release|Any CPU.Build.0 = Release|Any CPU
		{EA0FC3BB-630D-4478-ADD6-BC5059BA345C}.Release|x64.ActiveCfg = Release|Any CPU
		{EA0FC3BB-630D-4478-ADD6-BC5059BA345C}.Release|x64.Build.0 = Release|Any CPU
		{EA0FC3BB-630D-4478-ADD6-BC5059BA345C}.Release|x86.ActiveCfg = Release|Any CPU
		{EA0FC3BB-630D-4478-ADD6-BC5059BA345C}.Release|x86.Build.0 = Release|Any CPU
		{6FB23D8C-430F-47C3-89F3-7E08D8FFE23F}.Debug|Any CPU.ActiveCfg = Debug|Any CPU
		{6FB23D8C-430F-47C3-89F3-7E08D8FFE23F}.Debug|Any CPU.Build.0 = Debug|Any CPU
		{6FB23D8C-430F-47C3-89F3-7E08D8FFE23F}.Debug|x64.ActiveCfg = Debug|Any CPU
		{6FB23D8C-430F-47C3-89F3-7E08D8FFE23F}.Debug|x64.Build.0 = Debug|Any CPU
		{6FB23D8C-430F-47C3-89F3-7E08D8FFE23F}.Debug|x86.ActiveCfg = Debug|Any CPU
		{6FB23D8C-430F-47C3-89F3-7E08D8FFE23F}.Debug|x86.Build.0 = Debug|Any CPU
		{6FB23D8C-430F-47C3-89F3-7E08D8FFE23F}.Release|Any CPU.ActiveCfg = Release|Any CPU
		{6FB23D8C-430F-47C3-89F3-7E08D8FFE23F}.Release|Any CPU.Build.0 = Release|Any CPU
		{6FB23D8C-430F-47C3-89F3-7E08D8FFE23F}.Release|x64.ActiveCfg = Release|Any CPU
		{6FB23D8C-430F-47C3-89F3-7E08D8FFE23F}.Release|x64.Build.0 = Release|Any CPU
		{6FB23D8C-430F-47C3-89F3-7E08D8FFE23F}.Release|x86.ActiveCfg = Release|Any CPU
		{6FB23D8C-430F-47C3-89F3-7E08D8FFE23F}.Release|x86.Build.0 = Release|Any CPU
	EndGlobalSection
	GlobalSection(NestedProjects) = preSolution
		{FD6941AB-1C9F-4752-BB02-E64071A7983F} = {9C76A912-C5C2-4296-B003-F3EFA7A009EF}
		{88210A40-9D92-471B-A7C2-0137D91B110B} = {9C76A912-C5C2-4296-B003-F3EFA7A009EF}
		{763F7F49-61FF-4725-8964-1D8E76B8AC99} = {9C76A912-C5C2-4296-B003-F3EFA7A009EF}
		{EE2E29F1-96A1-4074-8691-6C8C0EEC1E7F} = {9C76A912-C5C2-4296-B003-F3EFA7A009EF}
		{76670C6F-D67A-47F6-A262-B1794558AB88} = {9C76A912-C5C2-4296-B003-F3EFA7A009EF}
		{EA0FC3BB-630D-4478-ADD6-BC5059BA345C} = {9C76A912-C5C2-4296-B003-F3EFA7A009EF}
		{6FB23D8C-430F-47C3-89F3-7E08D8FFE23F} = {9C76A912-C5C2-4296-B003-F3EFA7A009EF}
	EndGlobalSection
EndGlobal
